<Solution>
  <Project Path="coffeeco-ver01.AppHost/coffeeco-ver01.AppHost.csproj" />
  <Project Path="coffeeco-ver01.ServiceDefaults/coffeeco-ver01.ServiceDefaults.csproj" />
  <Project Path="CoffeeCo.Bff/CoffeeCo.Bff.csproj" />
  <Project Path="CoffeeCo.MigrationsLib/CoffeeCo.MigrationsLib.csproj" />
  <Project Path="CoffeeCo.UI.MigrServSqlServer/CoffeeCo.UI.MigrServSqlServer.csproj" />
  <Project Path="CoffeeCo.UIApi/CoffeeCo.UIApi.csproj" />
  <Project Path="CoffeeCo.UILib/CoffeeCo.UILib.csproj" />
</Solution>
